
Microsoft Visual Studio Solution File, Format Version 12.00
# Visual Studio Version 16
VisualStudioVersion = 16.0.28803.352
MinimumVisualStudioVersion = 10.0.40219.1
Project("{9A19103F-16F7-4668-BE54-9A1E7A4F7556}") = "O2DESNet.RCQueues", "src\O2DESNet.RCQueues\O2DESNet.RCQueues.csproj", "{1D5B93D8-AB98-4BBC-A1AD-968B0453D53B}"
EndProject
Project("{9A19103F-16F7-4668-BE54-9A1E7A4F7556}") = "O2DESNet.RCQueues.UnitTests", "src\O2DESNet.RCQueues.UnitTests\O2DESNet.RCQueues.UnitTests.csproj", "{1F05CB89-C6C8-4B9E-9DDE-505CBBC196E4}"
EndProject
Global
	GlobalSection(SolutionConfigurationPlatforms) = preSolution
		Debug|Any CPU = Debug|Any CPU
		Release|Any CPU = Release|Any CPU
	EndGlobalSection
	GlobalSection(ProjectConfigurationPlatforms) = postSolution
		{1D5B93D8-AB98-4BBC-A1AD-968B0453D53B}.Debug|Any CPU.ActiveCfg = Debug|Any CPU
		{1D5B93D8-AB98-4BBC-A1AD-968B0453D53B}.Debug|Any CPU.Build.0 = Debug|Any CPU
		{1D5B93D8-AB98-4BBC-A1AD-968B0453D53B}.Release|Any CPU.ActiveCfg = Release|Any CPU
		{1D5B93D8-AB98-4BBC-A1AD-968B0453D53B}.Release|Any CPU.Build.0 = Release|Any CPU
		{1F05CB89-C6C8-4B9E-9DDE-505CBBC196E4}.Debug|Any CPU.ActiveCfg = Debug|Any CPU
		{1F05CB89-C6C8-4B9E-9DDE-505CBBC196E4}.Debug|Any CPU.Build.0 = Debug|Any CPU
		{1F05CB89-C6C8-4B9E-9DDE-505CBBC196E4}.Release|Any CPU.ActiveCfg = Release|Any CPU
		{1F05CB89-C6C8-4B9E-9DDE-505CBBC196E4}.Release|Any CPU.Build.0 = Release|Any CPU
	EndGlobalSection
	GlobalSection(SolutionProperties) = preSolution
		HideSolutionNode = FALSE
	EndGlobalSection
	GlobalSection(ExtensibilityGlobals) = postSolution
		SolutionGuid = {2BEA1C50-BB17-4DC3-938F-72BE53D771D6}
	EndGlobalSection
EndGlobal
